
Microsoft Visual Studio Solution File, Format Version 12.00
# Visual Studio Version 16
VisualStudioVersion = 16.0.29123.89
MinimumVisualStudioVersion = 10.0.40219.1
Project("{FAE04EC0-301F-11D3-BF4B-00C04F79EFBC}") = "QuestRoomsDAL", "QuestRoomsDAL\QuestRoomsDAL.csproj", "{A8E55F83-54BA-4416-883E-244AB28B1FE0}"
EndProject
Project("{FAE04EC0-301F-11D3-BF4B-00C04F79EFBC}") = "QuestRoomsBLL", "QuestRoomsBLL\QuestRoomsBLL.csproj", "{3C377B54-7551-45C8-A399-E140190D40E7}"
EndProject
Project("{FAE04EC0-301F-11D3-BF4B-00C04F79EFBC}") = "QuestRoomsUI", "QuestRoomsUI\QuestRoomsUI.csproj", "{F0906D37-CD3D-44C1-90EF-0A8B58AF6341}"
EndProject
Project("{FAE04EC0-301F-11D3-BF4B-00C04F79EFBC}") = "TestConsole", "TestConsole\TestConsole.csproj", "{376D4152-F522-43FA-A6F6-D14C730DBA9F}"
EndProject
Global
	GlobalSection(SolutionConfigurationPlatforms) = preSolution
		Debug|Any CPU = Debug|Any CPU
		Release|Any CPU = Release|Any CPU
	EndGlobalSection
	GlobalSection(ProjectConfigurationPlatforms) = postSolution
		{A8E55F83-54BA-4416-883E-244AB28B1FE0}.Debug|Any CPU.ActiveCfg = Debug|Any CPU
		{A8E55F83-54BA-4416-883E-244AB28B1FE0}.Debug|Any CPU.Build.0 = Debug|Any CPU
		{A8E55F83-54BA-4416-883E-244AB28B1FE0}.Release|Any CPU.ActiveCfg = Release|Any CPU
		{A8E55F83-54BA-4416-883E-244AB28B1FE0}.Release|Any CPU.Build.0 = Release|Any CPU
		{3C377B54-7551-45C8-A399-E140190D40E7}.Debug|Any CPU.ActiveCfg = Debug|Any CPU
		{3C377B54-7551-45C8-A399-E140190D40E7}.Debug|Any CPU.Build.0 = Debug|Any CPU
		{3C377B54-7551-45C8-A399-E140190D40E7}.Release|Any CPU.ActiveCfg = Release|Any CPU
		{3C377B54-7551-45C8-A399-E140190D40E7}.Release|Any CPU.Build.0 = Release|Any CPU
		{F0906D37-CD3D-44C1-90EF-0A8B58AF6341}.Debug|Any CPU.ActiveCfg = Debug|Any CPU
		{F0906D37-CD3D-44C1-90EF-0A8B58AF6341}.Debug|Any CPU.Build.0 = Debug|Any CPU
		{F0906D37-CD3D-44C1-90EF-0A8B58AF6341}.Release|Any CPU.ActiveCfg = Release|Any CPU
		{F0906D37-CD3D-44C1-90EF-0A8B58AF6341}.Release|Any CPU.Build.0 = Release|Any CPU
		{376D4152-F522-43FA-A6F6-D14C730DBA9F}.Debug|Any CPU.ActiveCfg = Debug|Any CPU
		{376D4152-F522-43FA-A6F6-D14C730DBA9F}.Debug|Any CPU.Build.0 = Debug|Any CPU
		{376D4152-F522-43FA-A6F6-D14C730DBA9F}.Release|Any CPU.ActiveCfg = Release|Any CPU
		{376D4152-F522-43FA-A6F6-D14C730DBA9F}.Release|Any CPU.Build.0 = Release|Any CPU
	EndGlobalSection
	GlobalSection(SolutionProperties) = preSolution
		HideSolutionNode = FALSE
	EndGlobalSection
	GlobalSection(ExtensibilityGlobals) = postSolution
		SolutionGuid = {3F1AC714-EC74-4666-BCB8-347593E0D284}
	EndGlobalSection
EndGlobal
